
Microsoft Visual Studio Solution File, Format Version 12.00
# Visual Studio 15
VisualStudioVersion = 15.0.28010.2026
MinimumVisualStudioVersion = 10.0.40219.1
Project("{FAE04EC0-301F-11D3-BF4B-00C04F79EFBC}") = "MyTictactoe", "Lab2\MyTictactoe.csproj", "{B6C734D2-BF88-488A-8E25-9633DBB54BAA}"
EndProject
Global
	GlobalSection(SolutionConfigurationPlatforms) = preSolution
		Debug|Any CPU = Debug|Any CPU
		Release|Any CPU = Release|Any CPU
	EndGlobalSection
	GlobalSection(ProjectConfigurationPlatforms) = postSolution
		{B6C734D2-BF88-488A-8E25-9633DBB54BAA}.Debug|Any CPU.ActiveCfg = Debug|Any CPU
		{B6C734D2-BF88-488A-8E25-9633DBB54BAA}.Debug|Any CPU.Build.0 = Debug|Any CPU
		{B6C734D2-BF88-488A-8E25-9633DBB54BAA}.Release|Any CPU.ActiveCfg = Release|Any CPU
		{B6C734D2-BF88-488A-8E25-9633DBB54BAA}.Release|Any CPU.Build.0 = Release|Any CPU
	EndGlobalSection
	GlobalSection(SolutionProperties) = preSolution
		HideSolutionNode = FALSE
	EndGlobalSection
	GlobalSection(ExtensibilityGlobals) = postSolution
		SolutionGuid = {85281590-589C-4401-85B4-8515A7372137}
	EndGlobalSection
EndGlobal
